// !$*UTF8*$!
{
	archiveVersion = 1;
	classes = {
	};
	objectVersion = 46;
	objects = {

/* Begin PBXBuildFile section */
		D0EEB2EA1BB05A84009CB521 /* AppDelegate.swift in Sources */ = {isa = PBXBuildFile; fileRef = D0EEB2E91BB05A84009CB521 /* AppDelegate.swift */; };
		D0EEB2EC1BB05A84009CB521 /* ViewController.swift in Sources */ = {isa = PBXBuildFile; fileRef = D0EEB2EB1BB05A84009CB521 /* ViewController.swift */; };
		D0EEB2EF1BB05A84009CB521 /* Main.storyboard in Resources */ = {isa = PBXBuildFile; fileRef = D0EEB2ED1BB05A84009CB521 /* Main.storyboard */; };
		D0EEB2F11BB05A84009CB521 /* Assets.xcassets in Resources */ = {isa = PBXBuildFile; fileRef = D0EEB2F01BB05A84009CB521 /* Assets.xcassets */; };
		D0EEB2F41BB05A84009CB521 /* LaunchScreen.storyboard in Resources */ = {isa = PBXBuildFile; fileRef = D0EEB2F21BB05A84009CB521 /* LaunchScreen.storyboard */; };
		D0EEB2FF1BB05A84009CB521 /* retro_calculatorTests.swift in Sources */ = {isa = PBXBuildFile; fileRef = D0EEB2FE1BB05A84009CB521 /* retro_calculatorTests.swift */; };
		D0EEB30A1BB05A84009CB521 /* retro_calculatorUITests.swift in Sources */ = {isa = PBXBuildFile; fileRef = D0EEB3091BB05A84009CB521 /* retro_calculatorUITests.swift */; };
		D0EEB3181BB06E5D009CB521 /* Minecraft.ttf in Resources */ = {isa = PBXBuildFile; fileRef = D0EEB3171BB06E5D009CB521 /* Minecraft.ttf */; settings = {ASSET_TAGS = (); }; };
/* End PBXBuildFile section */

/* Begin PBXContainerItemProxy section */
		D0EEB2FB1BB05A84009CB521 /* PBXContainerItemProxy */ = {
			isa = PBXContainerItemProxy;
			containerPortal = D0EEB2DE1BB05A84009CB521 /* Project object */;
			proxyType = 1;
			remoteGlobalIDString = D0EEB2E51BB05A84009CB521;
			remoteInfo = "retro-calculator";
		};
		D0EEB3061BB05A84009CB521 /* PBXContainerItemProxy */ = {
			isa = PBXContainerItemProxy;
			containerPortal = D0EEB2DE1BB05A84009CB521 /* Project object */;
			proxyType = 1;
			remoteGlobalIDString = D0EEB2E51BB05A84009CB521;
			remoteInfo = "retro-calculator";
		};
/* End PBXContainerItemProxy section */

/* Begin PBXFileReference section */
		D0EEB2E61BB05A84009CB521 /* retro-calculator.app */ = {isa = PBXFileReference; explicitFileType = wrapper.application; includeInIndex = 0; path = "retro-calculator.app"; sourceTree = BUILT_PRODUCTS_DIR; };
		D0EEB2E91BB05A84009CB521 /* AppDelegate.swift */ = {isa = PBXFileReference; lastKnownFileType = sourcecode.swift; path = AppDelegate.swift; sourceTree = "<group>"; };
		D0EEB2EB1BB05A84009CB521 /* ViewController.swift */ = {isa = PBXFileReference; lastKnownFileType = sourcecode.swift; path = ViewController.swift; sourceTree = "<group>"; };
		D0EEB2EE1BB05A84009CB521 /* Base */ = {isa = PBXFileReference; lastKnownFileType = file.storyboard; name = Base; path = Base.lproj/Main.storyboard; sourceTree = "<group>"; };
		D0EEB2F01BB05A84009CB521 /* Assets.xcassets */ = {isa = PBXFileReference; lastKnownFileType = folder.assetcatalog; path = Assets.xcassets; sourceTree = "<group>"; };
		D0EEB2F31BB05A84009CB521 /* Base */ = {isa = PBXFileReference; lastKnownFileType = file.storyboard; name = Base; path = Base.lproj/LaunchScreen.storyboard; sourceTree = "<group>"; };
		D0EEB2F51BB05A84009CB521 /* Info.plist */ = {isa = PBXFileReference; lastKnownFileType = text.plist.xml; path = Info.plist; sourceTree = "<group>"; };
		D0EEB2FA1BB05A84009CB521 /* retro-calculatorTests.xctest */ = {isa = PBXFileReference; explicitFileType = wrapper.cfbundle; includeInIndex = 0; path = "retro-calculatorTests.xctest"; sourceTree = BUILT_PRODUCTS_DIR; };
		D0EEB2FE1BB05A84009CB521 /* retro_calculatorTests.swift */ = {isa = PBXFileReference; lastKnownFileType = sourcecode.swift; path = retro_calculatorTests.swift; sourceTree = "<group>"; };
		D0EEB3001BB05A84009CB521 /* Info.plist */ = {isa = PBXFileReference; lastKnownFileType = text.plist.xml; path = Info.plist; sourceTree = "<group>"; };
		D0EEB3051BB05A84009CB521 /* retro-calculatorUITests.xctest */ = {isa = PBXFileReference; explicitFileType = wrapper.cfbundle; includeInIndex = 0; path = "retro-calculatorUITests.xctest"; sourceTree = BUILT_PRODUCTS_DIR; };
		D0EEB3091BB05A84009CB521 /* retro_calculatorUITests.swift */ = {isa = PBXFileReference; lastKnownFileType = sourcecode.swift; path = retro_calculatorUITests.swift; sourceTree = "<group>"; };
		D0EEB30B1BB05A84009CB521 /* Info.plist */ = {isa = PBXFileReference; lastKnownFileType = text.plist.xml; path = Info.plist; sourceTree = "<group>"; };
		D0EEB3171BB06E5D009CB521 /* Minecraft.ttf */ = {isa = PBXFileReference; lastKnownFileType = file; path = Minecraft.ttf; sourceTree = "<group>"; };
/* End PBXFileReference section */

/* Begin PBXFrameworksBuildPhase section */
		D0EEB2E31BB05A84009CB521 /* Frameworks */ = {
			isa = PBXFrameworksBuildPhase;
			buildActionMask = 2147483647;
			files = (
			);
			runOnlyForDeploymentPostprocessing = 0;
		};
		D0EEB2F71BB05A84009CB521 /* Frameworks */ = {
			isa = PBXFrameworksBuildPhase;
			buildActionMask = 2147483647;
			files = (
			);
			runOnlyForDeploymentPostprocessing = 0;
		};
		D0EEB3021BB05A84009CB521 /* Frameworks */ = {
			isa = PBXFrameworksBuildPhase;
			buildActionMask = 2147483647;
			files = (
			);
			runOnlyForDeploymentPostprocessing = 0;
		};
/* End PBXFrameworksBuildPhase section */

/* Begin PBXGroup section */
		D0EEB2DD1BB05A84009CB521 = {
			isa = PBXGroup;
			children = (
				D0EEB2E81BB05A84009CB521 /* retro-calculator */,
				D0EEB2FD1BB05A84009CB521 /* retro-calculatorTests */,
				D0EEB3081BB05A84009CB521 /* retro-calculatorUITests */,
				D0EEB2E71BB05A84009CB521 /* Products */,
			);
			sourceTree = "<group>";
		};
		D0EEB2E71BB05A84009CB521 /* Products */ = {
			isa = PBXGroup;
			children = (
				D0EEB2E61BB05A84009CB521 /* retro-calculator.app */,
				D0EEB2FA1BB05A84009CB521 /* retro-calculatorTests.xctest */,
				D0EEB3051BB05A84009CB521 /* retro-calculatorUITests.xctest */,
			);
			name = Products;
			sourceTree = "<group>";
		};
		D0EEB2E81BB05A84009CB521 /* retro-calculator */ = {
			isa = PBXGroup;
			children = (
				D0EEB2E91BB05A84009CB521 /* AppDelegate.swift */,
				D0EEB2EB1BB05A84009CB521 /* ViewController.swift */,
				D0EEB2ED1BB05A84009CB521 /* Main.storyboard */,
				D0EEB2F01BB05A84009CB521 /* Assets.xcassets */,
				D0EEB2F21BB05A84009CB521 /* LaunchScreen.storyboard */,
				D0EEB2F51BB05A84009CB521 /* Info.plist */,
				D0EEB3171BB06E5D009CB521 /* Minecraft.ttf */,
			);
			path = "retro-calculator";
			sourceTree = "<group>";
		};
		D0EEB2FD1BB05A84009CB521 /* retro-calculatorTests */ = {
			isa = PBXGroup;
			children = (
				D0EEB2FE1BB05A84009CB521 /* retro_calculatorTests.swift */,
				D0EEB3001BB05A84009CB521 /* Info.plist */,
			);
			path = "retro-calculatorTests";
			sourceTree = "<group>";
		};
		D0EEB3081BB05A84009CB521 /* retro-calculatorUITests */ = {
			isa = PBXGroup;
			children = (
				D0EEB3091BB05A84009CB521 /* retro_calculatorUITests.swift */,
				D0EEB30B1BB05A84009CB521 /* Info.plist */,
			);
			path = "retro-calculatorUITests";
			sourceTree = "<group>";
		};
/* End PBXGroup section */

/* Begin PBXNativeTarget section */
		D0EEB2E51BB05A84009CB521 /* retro-calculator */ = {
			isa = PBXNativeTarget;
			buildConfigurationList = D0EEB30E1BB05A84009CB521 /* Build configuration list for PBXNativeTarget "retro-calculator" */;
			buildPhases = (
				D0EEB2E21BB05A84009CB521 /* Sources */,
				D0EEB2E31BB05A84009CB521 /* Frameworks */,
				D0EEB2E41BB05A84009CB521 /* Resources */,
			);
			buildRules = (
			);
			dependencies = (
			);
			name = "retro-calculator";
			productName = "retro-calculator";
			productReference = D0EEB2E61BB05A84009CB521 /* retro-calculator.app */;
			productType = "com.apple.product-type.application";
		};
		D0EEB2F91BB05A84009CB521 /* retro-calculatorTests */ = {
			isa = PBXNativeTarget;
			buildConfigurationList = D0EEB3111BB05A84009CB521 /* Build configuration list for PBXNativeTarget "retro-calculatorTests" */;
			buildPhases = (
				D0EEB2F61BB05A84009CB521 /* Sources */,
				D0EEB2F71BB05A84009CB521 /* Frameworks */,
				D0EEB2F81BB05A84009CB521 /* Resources */,
			);
			buildRules = (
			);
			dependencies = (
				D0EEB2FC1BB05A84009CB521 /* PBXTargetDependency */,
			);
			name = "retro-calculatorTests";
			productName = "retro-calculatorTests";
			productReference = D0EEB2FA1BB05A84009CB521 /* retro-calculatorTests.xctest */;
			productType = "com.apple.product-type.bundle.unit-test";
		};
		D0EEB3041BB05A84009CB521 /* retro-calculatorUITests */ = {
			isa = PBXNativeTarget;
			buildConfigurationList = D0EEB3141BB05A84009CB521 /* Build configuration list for PBXNativeTarget "retro-calculatorUITests" */;
			buildPhases = (
				D0EEB3011BB05A84009CB521 /* Sources */,
				D0EEB3021BB05A84009CB521 /* Frameworks */,
				D0EEB3031BB05A84009CB521 /* Resources */,
			);
			buildRules = (
			);
			dependencies = (
				D0EEB3071BB05A84009CB521 /* PBXTargetDependency */,
			);
			name = "retro-calculatorUITests";
			productName = "retro-calculatorUITests";
			productReference = D0EEB3051BB05A84009CB521 /* retro-calculatorUITests.xctest */;
			productType = "com.apple.product-type.bundle.ui-testing";
		};
/* End PBXNativeTarget section */

/* Begin PBXProject section */
		D0EEB2DE1BB05A84009CB521 /* Project object */ = {
			isa = PBXProject;
			attributes = {
				LastUpgradeCheck = 0700;
				ORGANIZATIONNAME = "Code-Aholic";
				TargetAttributes = {
					D0EEB2E51BB05A84009CB521 = {
						CreatedOnToolsVersion = 7.0;
					};
					D0EEB2F91BB05A84009CB521 = {
						CreatedOnToolsVersion = 7.0;
						TestTargetID = D0EEB2E51BB05A84009CB521;
					};
					D0EEB3041BB05A84009CB521 = {
						CreatedOnToolsVersion = 7.0;
						TestTargetID = D0EEB2E51BB05A84009CB521;
					};
				};
			};
			buildConfigurationList = D0EEB2E11BB05A84009CB521 /* Build configuration list for PBXProject "retro-calculator" */;
			compatibilityVersion = "Xcode 3.2";
			developmentRegion = English;
			hasScannedForEncodings = 0;
			knownRegions = (
				en,
				Base,
			);
			mainGroup = D0EEB2DD1BB05A84009CB521;
			productRefGroup = D0EEB2E71BB05A84009CB521 /* Products */;
			projectDirPath = "";
			projectRoot = "";
			targets = (
				D0EEB2E51BB05A84009CB521 /* retro-calculator */,
				D0EEB2F91BB05A84009CB521 /* retro-calculatorTests */,
				D0EEB3041BB05A84009CB521 /* retro-calculatorUITests */,
			);
		};
/* End PBXProject section */

/* Begin PBXResourcesBuildPhase section */
		D0EEB2E41BB05A84009CB521 /* Resources */ = {
			isa = PBXResourcesBuildPhase;
			buildActionMask = 2147483647;
			files = (
				D0EEB2F41BB05A84009CB521 /* LaunchScreen.storyboard in Resources */,
				D0EEB2F11BB05A84009CB521 /* Assets.xcassets in Resources */,
				D0EEB3181BB06E5D009CB521 /* Minecraft.ttf in Resources */,
				D0EEB2EF1BB05A84009CB521 /* Main.storyboard in Resources */,
			);
			runOnlyForDeploymentPostprocessing = 0;
		};
		D0EEB2F81BB05A84009CB521 /* Resources */ = {
			isa = PBXResourcesBuildPhase;
			buildActionMask = 2147483647;
			files = (
			);
			runOnlyForDeploymentPostprocessing = 0;
		};
		D0EEB3031BB05A84009CB521 /* Resources */ = {
			isa = PBXResourcesBuildPhase;
			buildActionMask = 2147483647;
			files = (
			);
			runOnlyForDeploymentPostprocessing = 0;
		};
/* End PBXResourcesBuildPhase section */

/* Begin PBXSourcesBuildPhase section */
		D0EEB2E21BB05A84009CB521 /* Sources */ = {
			isa = PBXSourcesBuildPhase;
			buildActionMask = 2147483647;
			files = (
				D0EEB2EC1BB05A84009CB521 /* ViewController.swift in Sources */,
				D0EEB2EA1BB05A84009CB521 /* AppDelegate.swift in Sources */,
			);
			runOnlyForDeploymentPostprocessing = 0;
		};
		D0EEB2F61BB05A84009CB521 /* Sources */ = {
			isa = PBXSourcesBuildPhase;
			buildActionMask = 2147483647;
			files = (
				D0EEB2FF1BB05A84009CB521 /* retro_calculatorTests.swift in Sources */,
			);
			runOnlyForDeploymentPostprocessing = 0;
		};
		D0EEB3011BB05A84009CB521 /* Sources */ = {
			isa = PBXSourcesBuildPhase;
			buildActionMask = 2147483647;
			files = (
				D0EEB30A1BB05A84009CB521 /* retro_calculatorUITests.swift in Sources */,
			);
			runOnlyForDeploymentPostprocessing = 0;
		};
/* End PBXSourcesBuildPhase section */

/* Begin PBXTargetDependency section */
		D0EEB2FC1BB05A84009CB521 /* PBXTargetDependency */ = {
			isa = PBXTargetDependency;
			target = D0EEB2E51BB05A84009CB521 /* retro-calculator */;
			targetProxy = D0EEB2FB1BB05A84009CB521 /* PBXContainerItemProxy */;
		};
		D0EEB3071BB05A84009CB521 /* PBXTargetDependency */ = {
			isa = PBXTargetDependency;
			target = D0EEB2E51BB05A84009CB521 /* retro-calculator */;
			targetProxy = D0EEB3061BB05A84009CB521 /* PBXContainerItemProxy */;
		};
/* End PBXTargetDependency section */

/* Begin PBXVariantGroup section */
		D0EEB2ED1BB05A84009CB521 /* Main.storyboard */ = {
			isa = PBXVariantGroup;
			children = (
				D0EEB2EE1BB05A84009CB521 /* Base */,
			);
			name = Main.storyboard;
			sourceTree = "<group>";
		};
		D0EEB2F21BB05A84009CB521 /* LaunchScreen.storyboard */ = {
			isa = PBXVariantGroup;
			children = (
				D0EEB2F31BB05A84009CB521 /* Base */,
			);
			name = LaunchScreen.storyboard;
			sourceTree = "<group>";
		};
/* End PBXVariantGroup section */

/* Begin XCBuildConfiguration section */
		D0EEB30C1BB05A84009CB521 /* Debug */ = {
			isa = XCBuildConfiguration;
			buildSettings = {
				ALWAYS_SEARCH_USER_PATHS = NO;
				CLANG_CXX_LANGUAGE_STANDARD = "gnu++0x";
				CLANG_CXX_LIBRARY = "libc++";
				CLANG_ENABLE_MODULES = YES;
				CLANG_ENABLE_OBJC_ARC = YES;
				CLANG_WARN_BOOL_CONVERSION = YES;
				CLANG_WARN_CONSTANT_CONVERSION = YES;
				CLANG_WARN_DIRECT_OBJC_ISA_USAGE = YES_ERROR;
				CLANG_WARN_EMPTY_BODY = YES;
				CLANG_WARN_ENUM_CONVERSION = YES;
				CLANG_WARN_INT_CONVERSION = YES;
				CLANG_WARN_OBJC_ROOT_CLASS = YES_ERROR;
				CLANG_WARN_UNREACHABLE_CODE = YES;
				CLANG_WARN__DUPLICATE_METHOD_MATCH = YES;
				"CODE_SIGN_IDENTITY[sdk=iphoneos*]" = "iPhone Developer";
				COPY_PHASE_STRIP = NO;
				DEBUG_INFORMATION_FORMAT = dwarf;
				ENABLE_STRICT_OBJC_MSGSEND = YES;
				ENABLE_TESTABILITY = YES;
				GCC_C_LANGUAGE_STANDARD = gnu99;
				GCC_DYNAMIC_NO_PIC = NO;
				GCC_NO_COMMON_BLOCKS = YES;
				GCC_OPTIMIZATION_LEVEL = 0;
				GCC_PREPROCESSOR_DEFINITIONS = (
					"DEBUG=1",
					"$(inherited)",
				);
				GCC_WARN_64_TO_32_BIT_CONVERSION = YES;
				GCC_WARN_ABOUT_RETURN_TYPE = YES_ERROR;
				GCC_WARN_UNDECLARED_SELECTOR = YES;
				GCC_WARN_UNINITIALIZED_AUTOS = YES_AGGRESSIVE;
				GCC_WARN_UNUSED_FUNCTION = YES;
				GCC_WARN_UNUSED_VARIABLE = YES;
				IPHONEOS_DEPLOYMENT_TARGET = 9.0;
				MTL_ENABLE_DEBUG_INFO = YES;
				ONLY_ACTIVE_ARCH = YES;
				SDKROOT = iphoneos;
				SWIFT_OPTIMIZATION_LEVEL = "-Onone";
				TARGETED_DEVICE_FAMILY = "1,2";
			};
			name = Debug;
		};
		D0EEB30D1BB05A84009CB521 /* Release */ = {
			isa = XCBuildConfiguration;
			buildSettings = {
				ALWAYS_SEARCH_USER_PATHS = NO;
				CLANG_CXX_LANGUAGE_STANDARD = "gnu++0x";
				CLANG_CXX_LIBRARY = "libc++";
				CLANG_ENABLE_MODULES = YES;
				CLANG_ENABLE_OBJC_ARC = YES;
				CLANG_WARN_BOOL_CONVERSION = YES;
				CLANG_WARN_CONSTANT_CONVERSION = YES;
				CLANG_WARN_DIRECT_OBJC_ISA_USAGE = YES_ERROR;
				CLANG_WARN_EMPTY_BODY = YES;
				CLANG_WARN_ENUM_CONVERSION = YES;
				CLANG_WARN_INT_CONVERSION = YES;
				CLANG_WARN_OBJC_ROOT_CLASS = YES_ERROR;
				CLANG_WARN_UNREACHABLE_CODE = YES;
				CLANG_WARN__DUPLICATE_METHOD_MATCH = YES;
				"CODE_SIGN_IDENTITY[sdk=iphoneos*]" = "iPhone Developer";
				COPY_PHASE_STRIP = NO;
				DEBUG_INFORMATION_FORMAT = "dwarf-with-dsym";
				ENABLE_NS_ASSERTIONS = NO;
				ENABLE_STRICT_OBJC_MSGSEND = YES;
				GCC_C_LANGUAGE_STANDARD = gnu99;
				GCC_NO_COMMON_BLOCKS = YES;
				GCC_WARN_64_TO_32_BIT_CONVERSION = YES;
				GCC_WARN_ABOUT_RETURN_TYPE = YES_ERROR;
				GCC_WARN_UNDECLARED_SELECTOR = YES;
				GCC_WARN_UNINITIALIZED_AUTOS = YES_AGGRESSIVE;
				GCC_WARN_UNUSED_FUNCTION = YES;
				GCC_WARN_UNUSED_VARIABLE = YES;
				IPHONEOS_DEPLOYMENT_TARGET = 9.0;
				MTL_ENABLE_DEBUG_INFO = NO;
				SDKROOT = iphoneos;
				TARGETED_DEVICE_FAMILY = "1,2";
				VALIDATE_PRODUCT = YES;
			};
			name = Release;
		};
		D0EEB30F1BB05A84009CB521 /* Debug */ = {
			isa = XCBuildConfiguration;
			buildSettings = {
				ASSETCATALOG_COMPILER_APPICON_NAME = AppIcon;
				INFOPLIST_FILE = "retro-calculator/Info.plist";
				LD_RUNPATH_SEARCH_PATHS = "$(inherited) @executable_path/Frameworks";
				PRODUCT_BUNDLE_IDENTIFIER = "code-aholic.com.retro-calculator";
				PRODUCT_NAME = "$(TARGET_NAME)";
			};
			name = Debug;
		};
		D0EEB3101BB05A84009CB521 /* Release */ = {
			isa = XCBuildConfiguration;
			buildSettings = {
				ASSETCATALOG_COMPILER_APPICON_NAME = AppIcon;
				INFOPLIST_FILE = "retro-calculator/Info.plist";
				LD_RUNPATH_SEARCH_PATHS = "$(inherited) @executable_path/Frameworks";
				PRODUCT_BUNDLE_IDENTIFIER = "code-aholic.com.retro-calculator";
				PRODUCT_NAME = "$(TARGET_NAME)";
			};
			name = Release;
		};
		D0EEB3121BB05A84009CB521 /* Debug */ = {
			isa = XCBuildConfiguration;
			buildSettings = {
				BUNDLE_LOADER = "$(TEST_HOST)";
				INFOPLIST_FILE = "retro-calculatorTests/Info.plist";
				LD_RUNPATH_SEARCH_PATHS = "$(inherited) @executable_path/Frameworks @loader_path/Frameworks";
				PRODUCT_BUNDLE_IDENTIFIER = "code-aholic.com.retro-calculatorTests";
				PRODUCT_NAME = "$(TARGET_NAME)";
				TEST_HOST = "$(BUILT_PRODUCTS_DIR)/retro-calculator.app/retro-calculator";
			};
			name = Debug;
		};
		D0EEB3131BB05A84009CB521 /* Release */ = {
			isa = XCBuildConfiguration;
			buildSettings = {
				BUNDLE_LOADER = "$(TEST_HOST)";
				INFOPLIST_FILE = "retro-calculatorTests/Info.plist";
				LD_RUNPATH_SEARCH_PATHS = "$(inherited) @executable_path/Frameworks @loader_path/Frameworks";
				PRODUCT_BUNDLE_IDENTIFIER = "code-aholic.com.retro-calculatorTests";
				PRODUCT_NAME = "$(TARGET_NAME)";
				TEST_HOST = "$(BUILT_PRODUCTS_DIR)/retro-calculator.app/retro-calculator";
			};
			name = Release;
		};
		D0EEB3151BB05A84009CB521 /* Debug */ = {
			isa = XCBuildConfiguration;
			buildSettings = {
				INFOPLIST_FILE = "retro-calculatorUITests/Info.plist";
				LD_RUNPATH_SEARCH_PATHS = "$(inherited) @executable_path/Frameworks @loader_path/Frameworks";
				PRODUCT_BUNDLE_IDENTIFIER = "code-aholic.com.retro-calculatorUITests";
				PRODUCT_NAME = "$(TARGET_NAME)";
				TEST_TARGET_NAME = "retro-calculator";
				USES_XCTRUNNER = YES;
			};
			name = Debug;
		};
		D0EEB3161BB05A84009CB521 /* Release */ = {
			isa = XCBuildConfiguration;
			buildSettings = {
				INFOPLIST_FILE = "retro-calculatorUITests/Info.plist";
				LD_RUNPATH_SEARCH_PATHS = "$(inherited) @executable_path/Frameworks @loader_path/Frameworks";
				PRODUCT_BUNDLE_IDENTIFIER = "code-aholic.com.retro-calculatorUITests";
				PRODUCT_NAME = "$(TARGET_NAME)";
				TEST_TARGET_NAME = "retro-calculator";
				USES_XCTRUNNER = YES;
			};
			name = Release;
		};
/* End XCBuildConfiguration section */

/* Begin XCConfigurationList section */
		D0EEB2E11BB05A84009CB521 /* Build configuration list for PBXProject "retro-calculator" */ = {
			isa = XCConfigurationList;
			buildConfigurations = (
				D0EEB30C1BB05A84009CB521 /* Debug */,
				D0EEB30D1BB05A84009CB521 /* Release */,
			);
			defaultConfigurationIsVisible = 0;
			defaultConfigurationName = Release;
		};
		D0EEB30E1BB05A84009CB521 /* Build configuration list for PBXNativeTarget "retro-calculator" */ = {
			isa = XCConfigurationList;
			buildConfigurations = (
				D0EEB30F1BB05A84009CB521 /* Debug */,
				D0EEB3101BB05A84009CB521 /* Release */,
			);
			defaultConfigurationIsVisible = 0;
		};
		D0EEB3111BB05A84009CB521 /* Build configuration list for PBXNativeTarget "retro-calculatorTests" */ = {
			isa = XCConfigurationList;
			buildConfigurations = (
				D0EEB3121BB05A84009CB521 /* Debug */,
				D0EEB3131BB05A84009CB521 /* Release */,
			);
			defaultConfigurationIsVisible = 0;
		};
		D0EEB3141BB05A84009CB521 /* Build configuration list for PBXNativeTarget "retro-calculatorUITests" */ = {
			isa = XCConfigurationList;
			buildConfigurations = (
				D0EEB3151BB05A84009CB521 /* Debug */,
				D0EEB3161BB05A84009CB521 /* Release */,
			);
			defaultConfigurationIsVisible = 0;
		};
/* End XCConfigurationList section */
	};
	rootObject = D0EEB2DE1BB05A84009CB521 /* Project object */;
}
